{
  "version": 4,
  "terraform_version": "1.4.6",
  "serial": 18,
  "lineage": "36f7bfef-cd8f-b1c2-12f6-d4eff41fbe5e",
  "outputs": {},
  "resources": [
    {
      "mode": "managed",
      "type": "azurerm_role_assignment",
      "name": "main",
      "provider": "provider[\"registry.terraform.io/hashicorp/azurerm\"]",
      "instances": [
        {
          "schema_version": 0,
          "attributes": {
            "condition": "",
            "condition_version": "",
            "delegated_managed_identity_resource_id": "",
            "description": "",
            "id": "/subscriptions/95657feb-1223-4d45-938f-fe10eadfa20e/providers/Microsoft.Authorization/roleAssignments/6b086dc3-8bfa-3bcd-6223-1a579fc99726",
            "name": "6b086dc3-8bfa-3bcd-6223-1a579fc99726",
            "principal_id": "b4a87824-f1e0-4b69-991e-8e8c90b440dc",
            "principal_type": "ServicePrincipal",
            "role_definition_id": "/subscriptions/95657feb-1223-4d45-938f-fe10eadfa20e/providers/Microsoft.Authorization/roleDefinitions/b24988ac-6180-42a0-ab88-20f7382dd24c",
            "role_definition_name": "Contributor",
            "scope": "/subscriptions/95657feb-1223-4d45-938f-fe10eadfa20e",
            "skip_service_principal_aad_check": null,
            "timeouts": null
          },
          "sensitive_attributes": [],
          "private": "eyJlMmJmYjczMC1lY2FhLTExZTYtOGY4OC0zNDM2M2JjN2M0YzAiOnsiY3JlYXRlIjoxODAwMDAwMDAwMDAwLCJkZWxldGUiOjE4MDAwMDAwMDAwMDAsInJlYWQiOjMwMDAwMDAwMDAwMCwidXBkYXRlIjoxODAwMDAwMDAwMDAwfX0=",
          "dependencies": [
            "module.resourse_group.azurerm_resource_group.rg",
            "module.service_principal.azuread_application.main",
            "module.service_principal.azuread_service_principal.main",
            "module.service_principal.azuread_service_principal_password.main",
            "module.service_principal.data.azuread_client_config.current"
          ]
        }
      ]
    },
    {
      "module": "module.container_registry",
      "mode": "managed",
      "type": "azurerm_container_registry",
      "name": "acr",
      "provider": "provider[\"registry.terraform.io/hashicorp/azurerm\"]",
      "instances": [
        {
          "schema_version": 2,
          "attributes": {
            "admin_enabled": false,
            "admin_password": "",
            "admin_username": "",
            "anonymous_pull_enabled": false,
            "data_endpoint_enabled": false,
            "encryption": [
              {
                "enabled": false,
                "identity_client_id": "",
                "key_vault_key_id": ""
              }
            ],
            "export_policy_enabled": true,
            "georeplications": [],
            "id": "/subscriptions/95657feb-1223-4d45-938f-fe10eadfa20e/resourceGroups/pepsirg/providers/Microsoft.ContainerRegistry/registries/crmrmayanger",
            "identity": [],
            "location": "eastus",
            "login_server": "crmrmayanger.azurecr.io",
            "name": "crmrmayanger",
            "network_rule_bypass_option": "AzureServices",
            "network_rule_set": [
              {
                "default_action": "Allow",
                "ip_rule": [],
                "virtual_network": []
              }
            ],
            "public_network_access_enabled": true,
            "quarantine_policy_enabled": false,
            "resource_group_name": "pepsirg",
            "retention_policy": [
              {
                "days": 7,
                "enabled": false
              }
            ],
            "sku": "Premium",
            "tags": {},
            "timeouts": null,
            "trust_policy": [
              {
                "enabled": false
              }
            ],
            "zone_redundancy_enabled": false
          },
          "sensitive_attributes": [],
          "private": "eyJlMmJmYjczMC1lY2FhLTExZTYtOGY4OC0zNDM2M2JjN2M0YzAiOnsiY3JlYXRlIjoxODAwMDAwMDAwMDAwLCJkZWxldGUiOjE4MDAwMDAwMDAwMDAsInJlYWQiOjMwMDAwMDAwMDAwMCwidXBkYXRlIjoxODAwMDAwMDAwMDAwfSwic2NoZW1hX3ZlcnNpb24iOiIyIn0=",
          "dependencies": [
            "module.resourse_group.azurerm_resource_group.rg"
          ]
        }
      ]
    },
    {
      "module": "module.key_vault",
      "mode": "data",
      "type": "azurerm_client_config",
      "name": "current",
      "provider": "provider[\"registry.terraform.io/hashicorp/azurerm\"]",
      "instances": [
        {
          "schema_version": 0,
          "attributes": {
            "client_id": "04b07795-8ddb-461a-bbee-02f9e1bf7b46",
            "id": "Y2xpZW50Q29uZmlncy9jbGllbnRJZD0wNGIwNzc5NS04ZGRiLTQ2MWEtYmJlZS0wMmY5ZTFiZjdiNDY7b2JqZWN0SWQ9ZjIzMWYwYjctZjhmYy00OGU5LWJkYzMtNWMwOWZhOTIwZjdhO3N1YnNjcmlwdGlvbklkPTk1NjU3ZmViLTEyMjMtNGQ0NS05MzhmLWZlMTBlYWRmYTIwZTt0ZW5hbnRJZD1lMTY2OWIwOS1kNjY5LTRiZjUtOTIwOS04MGFkMDBhM2Y1ZTE=",
            "object_id": "f231f0b7-f8fc-48e9-bdc3-5c09fa920f7a",
            "subscription_id": "95657feb-1223-4d45-938f-fe10eadfa20e",
            "tenant_id": "e1669b09-d669-4bf5-9209-80ad00a3f5e1",
            "timeouts": null
          },
          "sensitive_attributes": []
        }
      ]
    },
    {
      "module": "module.key_vault",
      "mode": "managed",
      "type": "azurerm_key_vault",
      "name": "kv",
      "provider": "provider[\"registry.terraform.io/hashicorp/azurerm\"]",
      "instances": [
        {
          "schema_version": 2,
          "attributes": {
            "access_policy": [
              {
                "application_id": "",
                "certificate_permissions": [],
                "key_permissions": [
                  "Delete",
                  "Create",
                  "Update",
                  "Get"
                ],
                "object_id": "f231f0b7-f8fc-48e9-bdc3-5c09fa920f7a",
                "secret_permissions": [
                  "Backup",
                  "Delete",
                  "Get",
                  "List",
                  "Purge",
                  "Recover",
                  "Restore",
                  "Set"
                ],
                "storage_permissions": [],
                "tenant_id": "e1669b09-d669-4bf5-9209-80ad00a3f5e1"
              }
            ],
            "contact": [],
            "enable_rbac_authorization": false,
            "enabled_for_deployment": false,
            "enabled_for_disk_encryption": true,
            "enabled_for_template_deployment": false,
            "id": "/subscriptions/95657feb-1223-4d45-938f-fe10eadfa20e/resourceGroups/pepsirg/providers/Microsoft.KeyVault/vaults/kev23q3",
            "location": "eastus",
            "name": "kev23q3",
            "network_acls": [
              {
                "bypass": "AzureServices",
                "default_action": "Allow",
                "ip_rules": [],
                "virtual_network_subnet_ids": []
              }
            ],
            "public_network_access_enabled": true,
            "purge_protection_enabled": false,
            "resource_group_name": "pepsirg",
            "sku_name": "standard",
            "soft_delete_retention_days": 7,
            "tags": {},
            "tenant_id": "e1669b09-d669-4bf5-9209-80ad00a3f5e1",
            "timeouts": null,
            "vault_uri": "https://kev23q3.vault.azure.net/"
          },
          "sensitive_attributes": [],
          "private": "eyJlMmJmYjczMC1lY2FhLTExZTYtOGY4OC0zNDM2M2JjN2M0YzAiOnsiY3JlYXRlIjoxODAwMDAwMDAwMDAwLCJkZWxldGUiOjE4MDAwMDAwMDAwMDAsInJlYWQiOjMwMDAwMDAwMDAwMCwidXBkYXRlIjoxODAwMDAwMDAwMDAwfSwic2NoZW1hX3ZlcnNpb24iOiIyIn0=",
          "dependencies": [
            "module.key_vault.data.azurerm_client_config.current",
            "module.resourse_group.azurerm_resource_group.rg",
            "module.service_principal.azuread_application.main",
            "module.service_principal.azuread_service_principal.main",
            "module.service_principal.azuread_service_principal_password.main",
            "module.service_principal.data.azuread_client_config.current"
          ]
        }
      ]
    },
    {
      "module": "module.key_vault_policy",
      "mode": "data",
      "type": "azurerm_client_config",
      "name": "current",
      "provider": "provider[\"registry.terraform.io/hashicorp/azurerm\"]",
      "instances": [
        {
          "schema_version": 0,
          "attributes": {
            "client_id": "04b07795-8ddb-461a-bbee-02f9e1bf7b46",
            "id": "Y2xpZW50Q29uZmlncy9jbGllbnRJZD0wNGIwNzc5NS04ZGRiLTQ2MWEtYmJlZS0wMmY5ZTFiZjdiNDY7b2JqZWN0SWQ9ZjIzMWYwYjctZjhmYy00OGU5LWJkYzMtNWMwOWZhOTIwZjdhO3N1YnNjcmlwdGlvbklkPTk1NjU3ZmViLTEyMjMtNGQ0NS05MzhmLWZlMTBlYWRmYTIwZTt0ZW5hbnRJZD1lMTY2OWIwOS1kNjY5LTRiZjUtOTIwOS04MGFkMDBhM2Y1ZTE=",
            "object_id": "f231f0b7-f8fc-48e9-bdc3-5c09fa920f7a",
            "subscription_id": "95657feb-1223-4d45-938f-fe10eadfa20e",
            "tenant_id": "e1669b09-d669-4bf5-9209-80ad00a3f5e1",
            "timeouts": null
          },
          "sensitive_attributes": []
        }
      ]
    },
    {
      "module": "module.key_vault_policy",
      "mode": "managed",
      "type": "azurerm_key_vault_access_policy",
      "name": "kv_policy",
      "provider": "provider[\"registry.terraform.io/hashicorp/azurerm\"]",
      "instances": [
        {
          "schema_version": 0,
          "attributes": {
            "application_id": "",
            "certificate_permissions": [],
            "id": "/subscriptions/95657feb-1223-4d45-938f-fe10eadfa20e/resourceGroups/pepsirg/providers/Microsoft.KeyVault/vaults/kev23q3/objectId/f231f0b7-f8fc-48e9-bdc3-5c09fa920f7a",
            "key_permissions": [
              "Delete",
              "Create",
              "Update",
              "Get"
            ],
            "key_vault_id": "/subscriptions/95657feb-1223-4d45-938f-fe10eadfa20e/resourceGroups/pepsirg/providers/Microsoft.KeyVault/vaults/kev23q3",
            "object_id": "f231f0b7-f8fc-48e9-bdc3-5c09fa920f7a",
            "secret_permissions": [
              "Backup",
              "Delete",
              "Get",
              "List",
              "Purge",
              "Recover",
              "Restore",
              "Set"
            ],
            "storage_permissions": [],
            "tenant_id": "e1669b09-d669-4bf5-9209-80ad00a3f5e1",
            "timeouts": null
          },
          "sensitive_attributes": [],
          "private": "eyJlMmJmYjczMC1lY2FhLTExZTYtOGY4OC0zNDM2M2JjN2M0YzAiOnsiY3JlYXRlIjoxODAwMDAwMDAwMDAwLCJkZWxldGUiOjE4MDAwMDAwMDAwMDAsInJlYWQiOjMwMDAwMDAwMDAwMCwidXBkYXRlIjoxODAwMDAwMDAwMDAwfX0=",
          "dependencies": [
            "module.key_vault.azurerm_key_vault.kv",
            "module.key_vault.data.azurerm_client_config.current",
            "module.key_vault_policy.data.azurerm_client_config.current",
            "module.resourse_group.azurerm_resource_group.rg",
            "module.service_principal.azuread_application.main",
            "module.service_principal.azuread_service_principal.main",
            "module.service_principal.azuread_service_principal_password.main",
            "module.service_principal.data.azuread_client_config.current"
          ]
        }
      ]
    },
    {
      "module": "module.kv_secrets",
      "mode": "managed",
      "type": "azurerm_key_vault_secret",
      "name": "kv_secrets",
      "provider": "provider[\"registry.terraform.io/hashicorp/azurerm\"]",
      "instances": [
        {
          "schema_version": 0,
          "attributes": {
            "content_type": "",
            "expiration_date": null,
            "id": "https://kev23q3.vault.azure.net/secrets/61d574cb-450c-4ad1-a2ed-4fe3e53989a4/af716d0990dd412bbb991f386aaaef5b",
            "key_vault_id": "/subscriptions/95657feb-1223-4d45-938f-fe10eadfa20e/resourceGroups/pepsirg/providers/Microsoft.KeyVault/vaults/kev23q3",
            "name": "61d574cb-450c-4ad1-a2ed-4fe3e53989a4",
            "not_before_date": null,
            "resource_id": "/subscriptions/95657feb-1223-4d45-938f-fe10eadfa20e/resourceGroups/pepsirg/providers/Microsoft.KeyVault/vaults/kev23q3/secrets/61d574cb-450c-4ad1-a2ed-4fe3e53989a4/versions/af716d0990dd412bbb991f386aaaef5b",
            "resource_versionless_id": "/subscriptions/95657feb-1223-4d45-938f-fe10eadfa20e/resourceGroups/pepsirg/providers/Microsoft.KeyVault/vaults/kev23q3/secrets/61d574cb-450c-4ad1-a2ed-4fe3e53989a4",
            "tags": {},
            "timeouts": null,
            "value": "95N8Q~6RjufsNbEOeagOuFgmlE6sN2YUjp~3Lc3a",
            "version": "af716d0990dd412bbb991f386aaaef5b",
            "versionless_id": "https://kev23q3.vault.azure.net/secrets/61d574cb-450c-4ad1-a2ed-4fe3e53989a4"
          },
          "sensitive_attributes": [
            [
              {
                "type": "get_attr",
                "value": "value"
              }
            ]
          ],
          "private": "eyJlMmJmYjczMC1lY2FhLTExZTYtOGY4OC0zNDM2M2JjN2M0YzAiOnsiY3JlYXRlIjoxODAwMDAwMDAwMDAwLCJkZWxldGUiOjE4MDAwMDAwMDAwMDAsInJlYWQiOjE4MDAwMDAwMDAwMDAsInVwZGF0ZSI6MTgwMDAwMDAwMDAwMH19",
          "dependencies": [
            "module.key_vault.azurerm_key_vault.kv",
            "module.key_vault.data.azurerm_client_config.current",
            "module.key_vault_policy.azurerm_key_vault_access_policy.kv_policy",
            "module.key_vault_policy.data.azurerm_client_config.current",
            "module.resourse_group.azurerm_resource_group.rg",
            "module.service_principal.azuread_application.main",
            "module.service_principal.azuread_service_principal.main",
            "module.service_principal.azuread_service_principal_password.main",
            "module.service_principal.data.azuread_client_config.current"
          ]
        }
      ]
    },
    {
      "module": "module.resourse_group",
      "mode": "managed",
      "type": "azurerm_resource_group",
      "name": "rg",
      "provider": "provider[\"registry.terraform.io/hashicorp/azurerm\"]",
      "instances": [
        {
          "schema_version": 0,
          "attributes": {
            "id": "/subscriptions/95657feb-1223-4d45-938f-fe10eadfa20e/resourceGroups/pepsirg",
            "location": "eastus",
            "name": "pepsirg",
            "tags": {},
            "timeouts": null
          },
          "sensitive_attributes": [],
          "private": "eyJlMmJmYjczMC1lY2FhLTExZTYtOGY4OC0zNDM2M2JjN2M0YzAiOnsiY3JlYXRlIjo1NDAwMDAwMDAwMDAwLCJkZWxldGUiOjU0MDAwMDAwMDAwMDAsInJlYWQiOjMwMDAwMDAwMDAwMCwidXBkYXRlIjo1NDAwMDAwMDAwMDAwfX0="
        }
      ]
    },
    {
      "module": "module.security_account",
      "mode": "managed",
      "type": "azurerm_storage_account",
      "name": "sa",
      "provider": "provider[\"registry.terraform.io/hashicorp/azurerm\"]",
      "instances": [
        {
          "schema_version": 3,
          "attributes": {
            "access_tier": "Hot",
            "account_kind": "StorageV2",
            "account_replication_type": "GRS",
            "account_tier": "Standard",
            "allow_nested_items_to_be_public": true,
            "allowed_copy_scope": "",
            "azure_files_authentication": [],
            "blob_properties": [
              {
                "change_feed_enabled": false,
                "change_feed_retention_in_days": 0,
                "container_delete_retention_policy": [],
                "cors_rule": [],
                "default_service_version": "",
                "delete_retention_policy": [],
                "last_access_time_enabled": false,
                "restore_policy": [],
                "versioning_enabled": false
              }
            ],
            "cross_tenant_replication_enabled": true,
            "custom_domain": [],
            "customer_managed_key": [],
            "default_to_oauth_authentication": false,
            "edge_zone": "",
            "enable_https_traffic_only": true,
            "id": "/subscriptions/95657feb-1223-4d45-938f-fe10eadfa20e/resourceGroups/pepsirg/providers/Microsoft.Storage/storageAccounts/pepsisasa",
            "identity": [],
            "immutability_policy": [],
            "infrastructure_encryption_enabled": false,
            "is_hns_enabled": false,
            "large_file_share_enabled": null,
            "location": "eastus",
            "min_tls_version": "TLS1_2",
            "name": "pepsisasa",
            "network_rules": [
              {
                "bypass": [
                  "AzureServices"
                ],
                "default_action": "Allow",
                "ip_rules": [],
                "private_link_access": [],
                "virtual_network_subnet_ids": []
              }
            ],
            "nfsv3_enabled": false,
            "primary_access_key": "VcUXRQFDep9jxo6CgT/hjmHL7XaJ/EYyIetHnezIh/ZFnpwW/IH8MNpW5FK9mJZ/ho4PCJxhIR3P+AStKFJmyA==",
            "primary_blob_connection_string": "DefaultEndpointsProtocol=https;BlobEndpoint=https://pepsisasa.blob.core.windows.net/;AccountName=pepsisasa;AccountKey=VcUXRQFDep9jxo6CgT/hjmHL7XaJ/EYyIetHnezIh/ZFnpwW/IH8MNpW5FK9mJZ/ho4PCJxhIR3P+AStKFJmyA==",
            "primary_blob_endpoint": "https://pepsisasa.blob.core.windows.net/",
            "primary_blob_host": "pepsisasa.blob.core.windows.net",
            "primary_connection_string": "DefaultEndpointsProtocol=https;AccountName=pepsisasa;AccountKey=VcUXRQFDep9jxo6CgT/hjmHL7XaJ/EYyIetHnezIh/ZFnpwW/IH8MNpW5FK9mJZ/ho4PCJxhIR3P+AStKFJmyA==;EndpointSuffix=core.windows.net",
            "primary_dfs_endpoint": "https://pepsisasa.dfs.core.windows.net/",
            "primary_dfs_host": "pepsisasa.dfs.core.windows.net",
            "primary_file_endpoint": "https://pepsisasa.file.core.windows.net/",
            "primary_file_host": "pepsisasa.file.core.windows.net",
            "primary_location": "eastus",
            "primary_queue_endpoint": "https://pepsisasa.queue.core.windows.net/",
            "primary_queue_host": "pepsisasa.queue.core.windows.net",
            "primary_table_endpoint": "https://pepsisasa.table.core.windows.net/",
            "primary_table_host": "pepsisasa.table.core.windows.net",
            "primary_web_endpoint": "https://pepsisasa.z13.web.core.windows.net/",
            "primary_web_host": "pepsisasa.z13.web.core.windows.net",
            "public_network_access_enabled": true,
            "queue_encryption_key_type": "Service",
            "queue_properties": [
              {
                "cors_rule": [],
                "hour_metrics": [
                  {
                    "enabled": true,
                    "include_apis": true,
                    "retention_policy_days": 7,
                    "version": "1.0"
                  }
                ],
                "logging": [
                  {
                    "delete": false,
                    "read": false,
                    "retention_policy_days": 0,
                    "version": "1.0",
                    "write": false
                  }
                ],
                "minute_metrics": [
                  {
                    "enabled": false,
                    "include_apis": false,
                    "retention_policy_days": 0,
                    "version": "1.0"
                  }
                ]
              }
            ],
            "resource_group_name": "pepsirg",
            "routing": [],
            "sas_policy": [],
            "secondary_access_key": "n7peHCvb97LpEypQ99Jm3vLAPP79yTYZVAnBTy0gThw6F1l2IfbjIFuzkIkr7N/O0PNMMLBiNOtU+AStoja+3Q==",
            "secondary_blob_connection_string": "",
            "secondary_blob_endpoint": null,
            "secondary_blob_host": null,
            "secondary_connection_string": "DefaultEndpointsProtocol=https;AccountName=pepsisasa;AccountKey=n7peHCvb97LpEypQ99Jm3vLAPP79yTYZVAnBTy0gThw6F1l2IfbjIFuzkIkr7N/O0PNMMLBiNOtU+AStoja+3Q==;EndpointSuffix=core.windows.net",
            "secondary_dfs_endpoint": null,
            "secondary_dfs_host": null,
            "secondary_file_endpoint": null,
            "secondary_file_host": null,
            "secondary_location": "westus",
            "secondary_queue_endpoint": null,
            "secondary_queue_host": null,
            "secondary_table_endpoint": null,
            "secondary_table_host": null,
            "secondary_web_endpoint": null,
            "secondary_web_host": null,
            "sftp_enabled": false,
            "share_properties": [
              {
                "cors_rule": [],
                "retention_policy": [
                  {
                    "days": 7
                  }
                ],
                "smb": []
              }
            ],
            "shared_access_key_enabled": true,
            "static_website": [],
            "table_encryption_key_type": "Service",
            "tags": {},
            "timeouts": null
          },
          "sensitive_attributes": [],
          "private": "eyJlMmJmYjczMC1lY2FhLTExZTYtOGY4OC0zNDM2M2JjN2M0YzAiOnsiY3JlYXRlIjozNjAwMDAwMDAwMDAwLCJkZWxldGUiOjM2MDAwMDAwMDAwMDAsInJlYWQiOjMwMDAwMDAwMDAwMCwidXBkYXRlIjozNjAwMDAwMDAwMDAwfSwic2NoZW1hX3ZlcnNpb24iOiIzIn0=",
          "dependencies": [
            "module.resourse_group.azurerm_resource_group.rg"
          ]
        }
      ]
    },
    {
      "module": "module.security_group",
      "mode": "managed",
      "type": "azurerm_network_security_group",
      "name": "sg",
      "provider": "provider[\"registry.terraform.io/hashicorp/azurerm\"]",
      "instances": [
        {
          "schema_version": 0,
          "attributes": {
            "id": "/subscriptions/95657feb-1223-4d45-938f-fe10eadfa20e/resourceGroups/pepsirg/providers/Microsoft.Network/networkSecurityGroups/sg_pepsisg",
            "location": "eastus",
            "name": "sg_pepsisg",
            "resource_group_name": "pepsirg",
            "security_rule": [
              {
                "access": "Allow",
                "description": "",
                "destination_address_prefix": "*",
                "destination_address_prefixes": [],
                "destination_application_security_group_ids": [],
                "destination_port_range": "*",
                "destination_port_ranges": [],
                "direction": "Inbound",
                "name": "pepsiSR",
                "priority": 100,
                "protocol": "Tcp",
                "source_address_prefix": "*",
                "source_address_prefixes": [],
                "source_application_security_group_ids": [],
                "source_port_range": "*",
                "source_port_ranges": []
              }
            ],
            "tags": {},
            "timeouts": null
          },
          "sensitive_attributes": [],
          "private": "eyJlMmJmYjczMC1lY2FhLTExZTYtOGY4OC0zNDM2M2JjN2M0YzAiOnsiY3JlYXRlIjoxODAwMDAwMDAwMDAwLCJkZWxldGUiOjE4MDAwMDAwMDAwMDAsInJlYWQiOjMwMDAwMDAwMDAwMCwidXBkYXRlIjoxODAwMDAwMDAwMDAwfX0=",
          "dependencies": [
            "module.resourse_group.azurerm_resource_group.rg"
          ]
        }
      ]
    },
    {
      "module": "module.service_principal",
      "mode": "data",
      "type": "azuread_client_config",
      "name": "current",
      "provider": "provider[\"registry.terraform.io/hashicorp/azuread\"]",
      "instances": [
        {
          "schema_version": 0,
          "attributes": {
            "client_id": "04b07795-8ddb-461a-bbee-02f9e1bf7b46",
            "id": "e1669b09-d669-4bf5-9209-80ad00a3f5e1-04b07795-8ddb-461a-bbee-02f9e1bf7b46-f231f0b7-f8fc-48e9-bdc3-5c09fa920f7a",
            "object_id": "f231f0b7-f8fc-48e9-bdc3-5c09fa920f7a",
            "tenant_id": "e1669b09-d669-4bf5-9209-80ad00a3f5e1",
            "timeouts": null
          },
          "sensitive_attributes": []
        }
      ]
    },
    {
      "module": "module.service_principal",
      "mode": "managed",
      "type": "azuread_application",
      "name": "main",
      "provider": "provider[\"registry.terraform.io/hashicorp/azuread\"]",
      "instances": [
        {
          "schema_version": 1,
          "attributes": {
            "api": [
              {
                "known_client_applications": [],
                "mapped_claims_enabled": false,
                "oauth2_permission_scope": [],
                "requested_access_token_version": 1
              }
            ],
            "app_role": [],
            "app_role_ids": {},
            "application_id": "61d574cb-450c-4ad1-a2ed-4fe3e53989a4",
            "description": "",
            "device_only_auth_enabled": false,
            "disabled_by_microsoft": "\u003cnil\u003e",
            "display_name": "client_service_principal",
            "fallback_public_client_enabled": false,
            "feature_tags": [
              {
                "custom_single_sign_on": false,
                "enterprise": false,
                "gallery": false,
                "hide": false
              }
            ],
            "group_membership_claims": [],
            "id": "867ba765-78e5-4b22-b32d-2b4b565a9c42",
            "identifier_uris": [],
            "logo_image": "",
            "logo_url": "",
            "marketing_url": "",
            "notes": "",
            "oauth2_permission_scope_ids": {},
            "oauth2_post_response_required": false,
            "object_id": "867ba765-78e5-4b22-b32d-2b4b565a9c42",
            "optional_claims": [
              {
                "access_token": [],
                "id_token": [],
                "saml2_token": []
              }
            ],
            "owners": [
              "f231f0b7-f8fc-48e9-bdc3-5c09fa920f7a"
            ],
            "prevent_duplicate_names": false,
            "privacy_statement_url": "",
            "public_client": [
              {
                "redirect_uris": []
              }
            ],
            "publisher_domain": "mrmayangergmail.onmicrosoft.com",
            "required_resource_access": [],
            "service_management_reference": "",
            "sign_in_audience": "AzureADMyOrg",
            "single_page_application": [
              {
                "redirect_uris": []
              }
            ],
            "support_url": "",
            "tags": [],
            "template_id": "",
            "terms_of_service_url": "",
            "timeouts": null,
            "web": [
              {
                "homepage_url": "",
                "implicit_grant": [
                  {
                    "access_token_issuance_enabled": false,
                    "id_token_issuance_enabled": false
                  }
                ],
                "logout_url": "",
                "redirect_uris": []
              }
            ]
          },
          "sensitive_attributes": [],
          "private": "eyJlMmJmYjczMC1lY2FhLTExZTYtOGY4OC0zNDM2M2JjN2M0YzAiOnsiY3JlYXRlIjo2MDAwMDAwMDAwMDAsImRlbGV0ZSI6MzAwMDAwMDAwMDAwLCJyZWFkIjozMDAwMDAwMDAwMDAsInVwZGF0ZSI6NjAwMDAwMDAwMDAwfSwic2NoZW1hX3ZlcnNpb24iOiIxIn0=",
          "dependencies": [
            "module.resourse_group.azurerm_resource_group.rg",
            "module.service_principal.data.azuread_client_config.current"
          ]
        }
      ]
    },
    {
      "module": "module.service_principal",
      "mode": "managed",
      "type": "azuread_service_principal",
      "name": "main",
      "provider": "provider[\"registry.terraform.io/hashicorp/azuread\"]",
      "instances": [
        {
          "schema_version": 0,
          "attributes": {
            "account_enabled": true,
            "alternative_names": [],
            "app_role_assignment_required": true,
            "app_role_ids": {},
            "app_roles": [],
            "application_id": "61d574cb-450c-4ad1-a2ed-4fe3e53989a4",
            "application_tenant_id": "e1669b09-d669-4bf5-9209-80ad00a3f5e1",
            "description": "",
            "display_name": "client_service_principal",
            "feature_tags": [
              {
                "custom_single_sign_on": false,
                "enterprise": false,
                "gallery": false,
                "hide": false
              }
            ],
            "features": [
              {
                "custom_single_sign_on_app": false,
                "enterprise_application": false,
                "gallery_application": false,
                "visible_to_users": true
              }
            ],
            "homepage_url": "",
            "id": "b4a87824-f1e0-4b69-991e-8e8c90b440dc",
            "login_url": "",
            "logout_url": "",
            "notes": "",
            "notification_email_addresses": [],
            "oauth2_permission_scope_ids": {},
            "oauth2_permission_scopes": [],
            "object_id": "b4a87824-f1e0-4b69-991e-8e8c90b440dc",
            "owners": [
              "f231f0b7-f8fc-48e9-bdc3-5c09fa920f7a"
            ],
            "preferred_single_sign_on_mode": "",
            "redirect_uris": [],
            "saml_metadata_url": "",
            "saml_single_sign_on": [
              {
                "relay_state": ""
              }
            ],
            "service_principal_names": [],
            "sign_in_audience": "AzureADMyOrg",
            "tags": [],
            "timeouts": null,
            "type": "Application",
            "use_existing": null
          },
          "sensitive_attributes": [],
          "private": "eyJlMmJmYjczMC1lY2FhLTExZTYtOGY4OC0zNDM2M2JjN2M0YzAiOnsiY3JlYXRlIjo2MDAwMDAwMDAwMDAsImRlbGV0ZSI6MzAwMDAwMDAwMDAwLCJyZWFkIjozMDAwMDAwMDAwMDAsInVwZGF0ZSI6NjAwMDAwMDAwMDAwfX0=",
          "dependencies": [
            "module.resourse_group.azurerm_resource_group.rg",
            "module.service_principal.azuread_application.main",
            "module.service_principal.data.azuread_client_config.current"
          ]
        }
      ]
    },
    {
      "module": "module.service_principal",
      "mode": "managed",
      "type": "azuread_service_principal_password",
      "name": "main",
      "provider": "provider[\"registry.terraform.io/hashicorp/azuread\"]",
      "instances": [
        {
          "schema_version": 1,
          "attributes": {
            "display_name": null,
            "end_date": "2025-07-19T18:57:20Z",
            "end_date_relative": null,
            "id": "b4a87824-f1e0-4b69-991e-8e8c90b440dc/password/8a53e0bb-af10-403f-8dfb-8d924429b1c9",
            "key_id": "8a53e0bb-af10-403f-8dfb-8d924429b1c9",
            "rotate_when_changed": null,
            "service_principal_id": "b4a87824-f1e0-4b69-991e-8e8c90b440dc",
            "start_date": "2023-07-19T18:57:20Z",
            "timeouts": null,
            "value": "95N8Q~6RjufsNbEOeagOuFgmlE6sN2YUjp~3Lc3a"
          },
          "sensitive_attributes": [],
          "private": "eyJlMmJmYjczMC1lY2FhLTExZTYtOGY4OC0zNDM2M2JjN2M0YzAiOnsiY3JlYXRlIjozMDAwMDAwMDAwMDAsImRlbGV0ZSI6MzAwMDAwMDAwMDAwLCJyZWFkIjozMDAwMDAwMDAwMDAsInVwZGF0ZSI6MzAwMDAwMDAwMDAwfSwic2NoZW1hX3ZlcnNpb24iOiIxIn0=",
          "dependencies": [
            "module.resourse_group.azurerm_resource_group.rg",
            "module.service_principal.azuread_application.main",
            "module.service_principal.azuread_service_principal.main",
            "module.service_principal.data.azuread_client_config.current"
          ]
        }
      ]
    },
    {
      "module": "module.web_app_service",
      "mode": "managed",
      "type": "azurerm_app_service",
      "name": "my_app_service_container",
      "provider": "provider[\"registry.terraform.io/hashicorp/azurerm\"]",
      "instances": [
        {
          "schema_version": 0,
          "attributes": {
            "app_service_plan_id": "/subscriptions/95657feb-1223-4d45-938f-fe10eadfa20e/resourceGroups/pepsirg/providers/Microsoft.Web/serverfarms/mrmayanger",
            "app_settings": {
              "DOCKER_REGISTRY_SERVER_PASSWORD": "",
              "DOCKER_REGISTRY_SERVER_URL": "https://arc01.azurecr.io",
              "DOCKER_REGISTRY_SERVER_USERNAME": ""
            },
            "auth_settings": [
              {
                "active_directory": [],
                "additional_login_params": {},
                "allowed_external_redirect_urls": [],
                "default_provider": "",
                "enabled": false,
                "facebook": [],
                "google": [],
                "issuer": "",
                "microsoft": [],
                "runtime_version": "",
                "token_refresh_extension_hours": 0,
                "token_store_enabled": false,
                "twitter": [],
                "unauthenticated_client_action": ""
              }
            ],
            "backup": [],
            "client_affinity_enabled": true,
            "client_cert_enabled": false,
            "client_cert_mode": "Required",
            "connection_string": [],
            "custom_domain_verification_id": "280E282D57E32E71785329C81A1085EC374C15E607117CC9B7F64E3651CEA2C2",
            "default_site_hostname": "mrmayanger.azurewebsites.net",
            "enabled": true,
            "https_only": true,
            "id": "/subscriptions/95657feb-1223-4d45-938f-fe10eadfa20e/resourceGroups/pepsirg/providers/Microsoft.Web/sites/mrmayanger",
            "identity": [
              {
                "identity_ids": [
                  "/subscriptions/95657feb-1223-4d45-938f-fe10eadfa20e/resourceGroups/pepsirg/providers/Microsoft.ManagedIdentity/userAssignedIdentities/search-api"
                ],
                "principal_id": "42c43e95-ca24-48a1-8b4f-04ddfc72f9ee",
                "tenant_id": "e1669b09-d669-4bf5-9209-80ad00a3f5e1",
                "type": "SystemAssigned, UserAssigned"
              }
            ],
            "key_vault_reference_identity_id": "SystemAssigned",
            "location": "eastus",
            "logs": [
              {
                "application_logs": [
                  {
                    "azure_blob_storage": [],
                    "file_system_level": "Off"
                  }
                ],
                "detailed_error_messages_enabled": false,
                "failed_request_tracing_enabled": false,
                "http_logs": [
                  {
                    "azure_blob_storage": [],
                    "file_system": []
                  }
                ]
              }
            ],
            "name": "mrmayanger",
            "outbound_ip_address_list": [
              "52.151.232.37",
              "52.179.115.85",
              "52.188.38.160",
              "20.42.34.0",
              "20.42.34.103",
              "20.42.34.127",
              "20.49.104.9"
            ],
            "outbound_ip_addresses": "52.151.232.37,52.179.115.85,52.188.38.160,20.42.34.0,20.42.34.103,20.42.34.127,20.49.104.9",
            "possible_outbound_ip_address_list": [
              "52.151.232.37",
              "52.179.115.85",
              "52.188.38.160",
              "20.42.34.0",
              "20.42.34.103",
              "20.42.34.127",
              "20.42.36.182",
              "20.42.37.79",
              "20.42.39.183",
              "52.188.40.50",
              "52.188.40.190",
              "52.188.40.212",
              "52.188.42.76",
              "52.188.42.131",
              "52.188.43.40",
              "52.188.43.177",
              "52.188.43.221",
              "52.188.44.142",
              "52.188.74.218",
              "52.142.29.202",
              "52.147.216.212",
              "52.147.216.250",
              "52.147.217.187",
              "52.147.217.236",
              "20.49.104.9"
            ],
            "possible_outbound_ip_addresses": "52.151.232.37,52.179.115.85,52.188.38.160,20.42.34.0,20.42.34.103,20.42.34.127,20.42.36.182,20.42.37.79,20.42.39.183,52.188.40.50,52.188.40.190,52.188.40.212,52.188.42.76,52.188.42.131,52.188.43.40,52.188.43.177,52.188.43.221,52.188.44.142,52.188.74.218,52.142.29.202,52.147.216.212,52.147.216.250,52.147.217.187,52.147.217.236,20.49.104.9",
            "resource_group_name": "pepsirg",
            "site_config": [
              {
                "acr_use_managed_identity_credentials": false,
                "acr_user_managed_identity_client_id": "",
                "always_on": true,
                "app_command_line": "",
                "auto_swap_slot_name": "",
                "cors": [
                  {
                    "allowed_origins": [],
                    "support_credentials": false
                  }
                ],
                "default_documents": null,
                "dotnet_framework_version": "v4.0",
                "ftps_state": "FtpsOnly",
                "health_check_path": "/",
                "http2_enabled": false,
                "ip_restriction": [],
                "java_container": "",
                "java_container_version": "",
                "java_version": "",
                "linux_fx_version": "DOCKER|arc01.azurecr.io/myapp:latest",
                "local_mysql_enabled": false,
                "managed_pipeline_mode": "Integrated",
                "min_tls_version": "1.2",
                "number_of_workers": 1,
                "php_version": "",
                "python_version": "",
                "remote_debugging_enabled": false,
                "remote_debugging_version": "VS2019",
                "scm_ip_restriction": [],
                "scm_type": "VSTSRM",
                "scm_use_main_ip_restriction": false,
                "use_32_bit_worker_process": false,
                "vnet_route_all_enabled": false,
                "websockets_enabled": false,
                "windows_fx_version": ""
              }
            ],
            "site_credential": [
              {
                "password": "yxJT36zEKHsyS6NxQtZlYesP64h7XSnxglA26SyhxayiqKBc30GXHgH7gLdc",
                "username": "$mrmayanger"
              }
            ],
            "source_control": [
              {
                "branch": "main",
                "manual_integration": false,
                "repo_url": "VSTSRM",
                "rollback_enabled": false,
                "use_mercurial": false
              }
            ],
            "storage_account": [],
            "tags": null,
            "timeouts": null
          },
          "sensitive_attributes": [
            [
              {
                "type": "get_attr",
                "value": "app_settings"
              },
              {
                "type": "index",
                "value": {
                  "value": "DOCKER_REGISTRY_SERVER_PASSWORD",
                  "type": "string"
                }
              }
            ]
          ],
          "private": "eyJlMmJmYjczMC1lY2FhLTExZTYtOGY4OC0zNDM2M2JjN2M0YzAiOnsiY3JlYXRlIjoxODAwMDAwMDAwMDAwLCJkZWxldGUiOjE4MDAwMDAwMDAwMDAsInJlYWQiOjMwMDAwMDAwMDAwMCwidXBkYXRlIjoxODAwMDAwMDAwMDAwfX0=",
          "dependencies": [
            "module.container_registry.azurerm_container_registry.acr",
            "module.resourse_group.azurerm_resource_group.rg",
            "module.web_app_service.azurerm_user_assigned_identity.example",
            "module.web_app_service_plan.azurerm_app_service_plan.app_service_plan"
          ]
        }
      ]
    },
    {
      "module": "module.web_app_service",
      "mode": "managed",
      "type": "azurerm_user_assigned_identity",
      "name": "example",
      "provider": "provider[\"registry.terraform.io/hashicorp/azurerm\"]",
      "instances": [
        {
          "schema_version": 1,
          "attributes": {
            "client_id": "7171bd51-5c30-4c3f-a7dd-e3d6b295d54e",
            "id": "/subscriptions/95657feb-1223-4d45-938f-fe10eadfa20e/resourceGroups/pepsirg/providers/Microsoft.ManagedIdentity/userAssignedIdentities/search-api",
            "location": "eastus",
            "name": "search-api",
            "principal_id": "c3e90b14-d57a-49c2-83e5-8ebc2983c0ee",
            "resource_group_name": "pepsirg",
            "tags": null,
            "tenant_id": "e1669b09-d669-4bf5-9209-80ad00a3f5e1",
            "timeouts": null
          },
          "sensitive_attributes": [],
          "private": "eyJlMmJmYjczMC1lY2FhLTExZTYtOGY4OC0zNDM2M2JjN2M0YzAiOnsiY3JlYXRlIjoxODAwMDAwMDAwMDAwLCJkZWxldGUiOjE4MDAwMDAwMDAwMDAsInJlYWQiOjMwMDAwMDAwMDAwMCwidXBkYXRlIjoxODAwMDAwMDAwMDAwfSwic2NoZW1hX3ZlcnNpb24iOiIxIn0=",
          "dependencies": [
            "module.container_registry.azurerm_container_registry.acr",
            "module.resourse_group.azurerm_resource_group.rg",
            "module.web_app_service_plan.azurerm_app_service_plan.app_service_plan"
          ]
        }
      ]
    },
    {
      "module": "module.web_app_service_plan",
      "mode": "managed",
      "type": "azurerm_app_service_plan",
      "name": "app_service_plan",
      "provider": "provider[\"registry.terraform.io/hashicorp/azurerm\"]",
      "instances": [
        {
          "schema_version": 0,
          "attributes": {
            "app_service_environment_id": "",
            "id": "/subscriptions/95657feb-1223-4d45-938f-fe10eadfa20e/resourceGroups/pepsirg/providers/Microsoft.Web/serverfarms/mrmayanger",
            "is_xenon": false,
            "kind": "linux",
            "location": "eastus",
            "maximum_elastic_worker_count": 1,
            "maximum_number_of_workers": 10,
            "name": "mrmayanger",
            "per_site_scaling": false,
            "reserved": true,
            "resource_group_name": "pepsirg",
            "sku": [
              {
                "capacity": 1,
                "size": "S1",
                "tier": "Standard"
              }
            ],
            "tags": {},
            "timeouts": null,
            "zone_redundant": false
          },
          "sensitive_attributes": [],
          "private": "eyJlMmJmYjczMC1lY2FhLTExZTYtOGY4OC0zNDM2M2JjN2M0YzAiOnsiY3JlYXRlIjozNjAwMDAwMDAwMDAwLCJkZWxldGUiOjM2MDAwMDAwMDAwMDAsInJlYWQiOjMwMDAwMDAwMDAwMCwidXBkYXRlIjozNjAwMDAwMDAwMDAwfX0=",
          "dependencies": [
            "module.container_registry.azurerm_container_registry.acr",
            "module.resourse_group.azurerm_resource_group.rg"
          ]
        }
      ]
    }
  ],
  "check_results": null
}
